lockfileVersion: '9.0'

settings:
  autoInstallPeers: true
  excludeLinksFromLockfile: false

importers:

  .:
    dependencies:
      html5-qrcode:
        specifier: ^2.3.8
        version: 2.3.8

packages:

  html5-qrcode@2.3.8:
    resolution: {integrity: sha512-jsr4vafJhwoLVEDW3n1KvPnCCXWaQfRng0/EEYk1vNcQGcG/htAdhJX0be8YyqMoSz7+hZvOZSTAepsabiuhiQ==}

snapshots:

  html5-qrcode@2.3.8: {}
